# This file is generated by running "yarn install" inside your project.
# Manual changes might be lost - proceed with caution!

__metadata:
  version: 8
  cacheKey: 10c0

"detect-running-game@workspace:plugins/detect-running-game":
  version: 0.0.0-use.local
  resolution: "detect-running-game@workspace:plugins/detect-running-game"
  languageName: unknown
  linkType: soft

"playnite@workspace:.":
  version: 0.0.0-use.local
  resolution: "playnite@workspace:."
  languageName: unknown
  linkType: soft

"virtual-library@workspace:plugins/virtual-library":
  version: 0.0.0-use.local
  resolution: "virtual-library@workspace:plugins/virtual-library"
  languageName: unknown
  linkType: soft
