# This file is generated by running "yarn install" inside your project.
# Manual changes might be lost - proceed with caution!

__metadata:
  version: 8
  cacheKey: 10c0

"common@workspace:common/common":
  version: 0.0.0-use.local
  resolution: "common@workspace:common/common"
  languageName: unknown
  linkType: soft

"detect-running-game@workspace:plugins/detect-running-game":
  version: 0.0.0-use.local
  resolution: "detect-running-game@workspace:plugins/detect-running-game"
  languageName: unknown
  linkType: soft

"git-cliff-darwin-arm64@npm:1.4.0":
  version: 1.4.0
  resolution: "git-cliff-darwin-arm64@npm:1.4.0"
  conditions: os=darwin & cpu=arm64
  languageName: node
  linkType: hard

"git-cliff-darwin-x64@npm:1.4.0":
  version: 1.4.0
  resolution: "git-cliff-darwin-x64@npm:1.4.0"
  conditions: os=darwin & cpu=x64
  languageName: node
  linkType: hard

"git-cliff-linux-arm64@npm:1.4.0":
  version: 1.4.0
  resolution: "git-cliff-linux-arm64@npm:1.4.0"
  conditions: os=linux & cpu=arm64
  languageName: node
  linkType: hard

"git-cliff-linux-x64@npm:1.4.0":
  version: 1.4.0
  resolution: "git-cliff-linux-x64@npm:1.4.0"
  conditions: os=linux & cpu=x64
  languageName: node
  linkType: hard

"git-cliff-windows-arm64@npm:1.4.0":
  version: 1.4.0
  resolution: "git-cliff-windows-arm64@npm:1.4.0"
  conditions: os=win32 & cpu=arm64
  languageName: node
  linkType: hard

"git-cliff-windows-x64@npm:1.4.0":
  version: 1.4.0
  resolution: "git-cliff-windows-x64@npm:1.4.0"
  conditions: os=win32 & cpu=x64
  languageName: node
  linkType: hard

"git-cliff@npm:^1.4.0":
  version: 1.4.0
  resolution: "git-cliff@npm:1.4.0"
  dependencies:
    git-cliff-darwin-arm64: "npm:1.4.0"
    git-cliff-darwin-x64: "npm:1.4.0"
    git-cliff-linux-arm64: "npm:1.4.0"
    git-cliff-linux-x64: "npm:1.4.0"
    git-cliff-windows-arm64: "npm:1.4.0"
    git-cliff-windows-x64: "npm:1.4.0"
  dependenciesMeta:
    git-cliff-darwin-arm64:
      optional: true
    git-cliff-darwin-x64:
      optional: true
    git-cliff-linux-arm64:
      optional: true
    git-cliff-linux-x64:
      optional: true
    git-cliff-windows-arm64:
      optional: true
    git-cliff-windows-x64:
      optional: true
  bin:
    git-cliff: lib/index.js
  checksum: b261ef82151a0dba1751dc775d0d69bab3c312472d2588728911932a69d2ca4d70e3bf71a2ff9af05e9e45c29ac5dfe3185f3790d249e606ff028a7c024789a4
  languageName: node
  linkType: hard

"playnite@workspace:.":
  version: 0.0.0-use.local
  resolution: "playnite@workspace:."
  dependencies:
    git-cliff: "npm:^1.4.0"
  languageName: unknown
  linkType: soft

"virtual-library@workspace:plugins/virtual-library":
  version: 0.0.0-use.local
  resolution: "virtual-library@workspace:plugins/virtual-library"
  languageName: unknown
  linkType: soft
