# This file is generated by running "yarn install" inside your project.
# Manual changes might be lost - proceed with caution!

__metadata:
  version: 8
  cacheKey: 10c0

"playnite@workspace:.":
  version: 0.0.0-use.local
  resolution: "playnite@workspace:."
  languageName: unknown
  linkType: soft

"steam-app-links@workspace:plugins/steam-app-links":
  version: 0.0.0-use.local
  resolution: "steam-app-links@workspace:plugins/steam-app-links"
  languageName: unknown
  linkType: soft
